
Microsoft Visual Studio Solution File, Format Version 12.00
# Visual Studio Version 17
VisualStudioVersion = 17.0.31903.59
MinimumVisualStudioVersion = 10.0.40219.1
Project("{2150E333-8FDC-42A3-9474-1A3956D46DE8}") = "src", "src", "{827E0CD3-B72D-47B6-A68D-7590B98EB39B}"
EndProject
Project("{2150E333-8FDC-42A3-9474-1A3956D46DE8}") = "Core", "Core", "{8D626EA8-CB54-BC41-363A-217881BEBA6E}"
EndProject
Project("{FAE04EC0-301F-11D3-BF4B-00C04F79EFBC}") = "CoreHub.Domain", "src\Core\CoreHub.Domain\CoreHub.Domain.csproj", "{263DA809-D853-4EF6-BB2E-EF74C25EE743}"
EndProject
Project("{FAE04EC0-301F-11D3-BF4B-00C04F79EFBC}") = "CoreHub.Application", "src\Core\CoreHub.Application\CoreHub.Application.csproj", "{CFF255DA-8ADD-4E6E-B57F-9DB77440523E}"
EndProject
Project("{2150E333-8FDC-42A3-9474-1A3956D46DE8}") = "Infrastructure", "Infrastructure", "{9048EB7F-3875-A59E-E36B-5BD4C6F2A282}"
EndProject
Project("{FAE04EC0-301F-11D3-BF4B-00C04F79EFBC}") = "CoreHub.Infrastructure", "src\Infrastructure\CoreHub.Infrastructure\CoreHub.Infrastructure.csproj", "{2370674A-C132-43F0-934A-22A443A34EFB}"
EndProject
Project("{2150E333-8FDC-42A3-9474-1A3956D46DE8}") = "Presentation", "Presentation", "{6996BBF7-DB31-59BC-C7DD-9A7CCC6138C4}"
EndProject
Project("{FAE04EC0-301F-11D3-BF4B-00C04F79EFBC}") = "CoreHub.API", "src\Presentation\CoreHub.API\CoreHub.API.csproj", "{19FECC33-4252-4F2B-975F-AB42750F131D}"
EndProject
Global
	GlobalSection(SolutionConfigurationPlatforms) = preSolution
		Debug|Any CPU = Debug|Any CPU
		Debug|x64 = Debug|x64
		Debug|x86 = Debug|x86
		Release|Any CPU = Release|Any CPU
		Release|x64 = Release|x64
		Release|x86 = Release|x86
	EndGlobalSection
	GlobalSection(ProjectConfigurationPlatforms) = postSolution
		{263DA809-D853-4EF6-BB2E-EF74C25EE743}.Debug|Any CPU.ActiveCfg = Debug|Any CPU
		{263DA809-D853-4EF6-BB2E-EF74C25EE743}.Debug|Any CPU.Build.0 = Debug|Any CPU
		{263DA809-D853-4EF6-BB2E-EF74C25EE743}.Debug|x64.ActiveCfg = Debug|Any CPU
		{263DA809-D853-4EF6-BB2E-EF74C25EE743}.Debug|x64.Build.0 = Debug|Any CPU
		{263DA809-D853-4EF6-BB2E-EF74C25EE743}.Debug|x86.ActiveCfg = Debug|Any CPU
		{263DA809-D853-4EF6-BB2E-EF74C25EE743}.Debug|x86.Build.0 = Debug|Any CPU
		{263DA809-D853-4EF6-BB2E-EF74C25EE743}.Release|Any CPU.ActiveCfg = Release|Any CPU
		{263DA809-D853-4EF6-BB2E-EF74C25EE743}.Release|Any CPU.Build.0 = Release|Any CPU
		{263DA809-D853-4EF6-BB2E-EF74C25EE743}.Release|x64.ActiveCfg = Release|Any CPU
		{263DA809-D853-4EF6-BB2E-EF74C25EE743}.Release|x64.Build.0 = Release|Any CPU
		{263DA809-D853-4EF6-BB2E-EF74C25EE743}.Release|x86.ActiveCfg = Release|Any CPU
		{263DA809-D853-4EF6-BB2E-EF74C25EE743}.Release|x86.Build.0 = Release|Any CPU
		{CFF255DA-8ADD-4E6E-B57F-9DB77440523E}.Debug|Any CPU.ActiveCfg = Debug|Any CPU
		{CFF255DA-8ADD-4E6E-B57F-9DB77440523E}.Debug|Any CPU.Build.0 = Debug|Any CPU
		{CFF255DA-8ADD-4E6E-B57F-9DB77440523E}.Debug|x64.ActiveCfg = Debug|Any CPU
		{CFF255DA-8ADD-4E6E-B57F-9DB77440523E}.Debug|x64.Build.0 = Debug|Any CPU
		{CFF255DA-8ADD-4E6E-B57F-9DB77440523E}.Debug|x86.ActiveCfg = Debug|Any CPU
		{CFF255DA-8ADD-4E6E-B57F-9DB77440523E}.Debug|x86.Build.0 = Debug|Any CPU
		{CFF255DA-8ADD-4E6E-B57F-9DB77440523E}.Release|Any CPU.ActiveCfg = Release|Any CPU
		{CFF255DA-8ADD-4E6E-B57F-9DB77440523E}.Release|Any CPU.Build.0 = Release|Any CPU
		{CFF255DA-8ADD-4E6E-B57F-9DB77440523E}.Release|x64.ActiveCfg = Release|Any CPU
		{CFF255DA-8ADD-4E6E-B57F-9DB77440523E}.Release|x64.Build.0 = Release|Any CPU
		{CFF255DA-8ADD-4E6E-B57F-9DB77440523E}.Release|x86.ActiveCfg = Release|Any CPU
		{CFF255DA-8ADD-4E6E-B57F-9DB77440523E}.Release|x86.Build.0 = Release|Any CPU
		{2370674A-C132-43F0-934A-22A443A34EFB}.Debug|Any CPU.ActiveCfg = Debug|Any CPU
		{2370674A-C132-43F0-934A-22A443A34EFB}.Debug|Any CPU.Build.0 = Debug|Any CPU
		{2370674A-C132-43F0-934A-22A443A34EFB}.Debug|x64.ActiveCfg = Debug|Any CPU
		{2370674A-C132-43F0-934A-22A443A34EFB}.Debug|x64.Build.0 = Debug|Any CPU
		{2370674A-C132-43F0-934A-22A443A34EFB}.Debug|x86.ActiveCfg = Debug|Any CPU
		{2370674A-C132-43F0-934A-22A443A34EFB}.Debug|x86.Build.0 = Debug|Any CPU
		{2370674A-C132-43F0-934A-22A443A34EFB}.Release|Any CPU.ActiveCfg = Release|Any CPU
		{2370674A-C132-43F0-934A-22A443A34EFB}.Release|Any CPU.Build.0 = Release|Any CPU
		{2370674A-C132-43F0-934A-22A443A34EFB}.Release|x64.ActiveCfg = Release|Any CPU
		{2370674A-C132-43F0-934A-22A443A34EFB}.Release|x64.Build.0 = Release|Any CPU
		{2370674A-C132-43F0-934A-22A443A34EFB}.Release|x86.ActiveCfg = Release|Any CPU
		{2370674A-C132-43F0-934A-22A443A34EFB}.Release|x86.Build.0 = Release|Any CPU
		{19FECC33-4252-4F2B-975F-AB42750F131D}.Debug|Any CPU.ActiveCfg = Debug|Any CPU
		{19FECC33-4252-4F2B-975F-AB42750F131D}.Debug|Any CPU.Build.0 = Debug|Any CPU
		{19FECC33-4252-4F2B-975F-AB42750F131D}.Debug|x64.ActiveCfg = Debug|Any CPU
		{19FECC33-4252-4F2B-975F-AB42750F131D}.Debug|x64.Build.0 = Debug|Any CPU
		{19FECC33-4252-4F2B-975F-AB42750F131D}.Debug|x86.ActiveCfg = Debug|Any CPU
		{19FECC33-4252-4F2B-975F-AB42750F131D}.Debug|x86.Build.0 = Debug|Any CPU
		{19FECC33-4252-4F2B-975F-AB42750F131D}.Release|Any CPU.ActiveCfg = Release|Any CPU
		{19FECC33-4252-4F2B-975F-AB42750F131D}.Release|Any CPU.Build.0 = Release|Any CPU
		{19FECC33-4252-4F2B-975F-AB42750F131D}.Release|x64.ActiveCfg = Release|Any CPU
		{19FECC33-4252-4F2B-975F-AB42750F131D}.Release|x64.Build.0 = Release|Any CPU
		{19FECC33-4252-4F2B-975F-AB42750F131D}.Release|x86.ActiveCfg = Release|Any CPU
		{19FECC33-4252-4F2B-975F-AB42750F131D}.Release|x86.Build.0 = Release|Any CPU
	EndGlobalSection
	GlobalSection(SolutionProperties) = preSolution
		HideSolutionNode = FALSE
	EndGlobalSection
	GlobalSection(NestedProjects) = preSolution
		{8D626EA8-CB54-BC41-363A-217881BEBA6E} = {827E0CD3-B72D-47B6-A68D-7590B98EB39B}
		{263DA809-D853-4EF6-BB2E-EF74C25EE743} = {8D626EA8-CB54-BC41-363A-217881BEBA6E}
		{CFF255DA-8ADD-4E6E-B57F-9DB77440523E} = {8D626EA8-CB54-BC41-363A-217881BEBA6E}
		{9048EB7F-3875-A59E-E36B-5BD4C6F2A282} = {827E0CD3-B72D-47B6-A68D-7590B98EB39B}
		{2370674A-C132-43F0-934A-22A443A34EFB} = {9048EB7F-3875-A59E-E36B-5BD4C6F2A282}
		{6996BBF7-DB31-59BC-C7DD-9A7CCC6138C4} = {827E0CD3-B72D-47B6-A68D-7590B98EB39B}
		{19FECC33-4252-4F2B-975F-AB42750F131D} = {6996BBF7-DB31-59BC-C7DD-9A7CCC6138C4}
	EndGlobalSection
EndGlobal
